
Microsoft Visual Studio Solution File, Format Version 12.00
# Visual Studio Version 17
VisualStudioVersion = 17.4.33205.214
MinimumVisualStudioVersion = 10.0.40219.1
Project("{FAE04EC0-301F-11D3-BF4B-00C04F79EFBC}") = "AuthCSharpCorner", "AuthCSharpCorner.csproj", "{EE78183D-37CC-4B62-90D0-03C3D4328CA1}"
EndProject
Global
	GlobalSection(SolutionConfigurationPlatforms) = preSolution
		Debug|Any CPU = Debug|Any CPU
		Release|Any CPU = Release|Any CPU
	EndGlobalSection
	GlobalSection(ProjectConfigurationPlatforms) = postSolution
		{EE78183D-37CC-4B62-90D0-03C3D4328CA1}.Debug|Any CPU.ActiveCfg = Debug|Any CPU
		{EE78183D-37CC-4B62-90D0-03C3D4328CA1}.Debug|Any CPU.Build.0 = Debug|Any CPU
		{EE78183D-37CC-4B62-90D0-03C3D4328CA1}.Release|Any CPU.ActiveCfg = Release|Any CPU
		{EE78183D-37CC-4B62-90D0-03C3D4328CA1}.Release|Any CPU.Build.0 = Release|Any CPU
	EndGlobalSection
	GlobalSection(SolutionProperties) = preSolution
		HideSolutionNode = FALSE
	EndGlobalSection
	GlobalSection(ExtensibilityGlobals) = postSolution
		SolutionGuid = {33393112-0CA1-4FBD-9174-CB86533220D9}
	EndGlobalSection
EndGlobal
